// !$*UTF8*$!
{
	archiveVersion = 1;
	classes = {
	};
	objectVersion = 46;
	objects = {

/* Begin PBXBuildFile section */
		014617D71698F5FD003C2B97 /* Default-568h@2x.png in Resources */ = {isa = PBXBuildFile; fileRef = 014617D61698F5FD003C2B97 /* Default-568h@2x.png */; };
		0189E0D1133CF0C9009E0A63 /* Icon.png in Resources */ = {isa = PBXBuildFile; fileRef = 0189E0CF133CF0C9009E0A63 /* Icon.png */; };
		0189E0D2133CF0C9009E0A63 /* Icon@2x.png in Resources */ = {isa = PBXBuildFile; fileRef = 0189E0D0133CF0C9009E0A63 /* Icon@2x.png */; };
		01C7FB121312E93E00DBD0B1 /* main.m in Sources */ = {isa = PBXBuildFile; fileRef = 01C7FB111312E93E00DBD0B1 /* main.m */; };
		01C7FB151312E94600DBD0B1 /* AppDelegate.m in Sources */ = {isa = PBXBuildFile; fileRef = 01C7FB141312E94600DBD0B1 /* AppDelegate.m */; };
		01C7FB251312E9A900DBD0B1 /* SMWebRequest.m in Sources */ = {isa = PBXBuildFile; fileRef = 01C7FB231312E9A900DBD0B1 /* SMWebRequest.m */; };
		1D60589F0D05DD5A006BFB54 /* Foundation.framework in Frameworks */ = {isa = PBXBuildFile; fileRef = 1D30AB110D05D00D00671497 /* Foundation.framework */; };
		1DF5F4E00D08C38300B7A737 /* UIKit.framework in Frameworks */ = {isa = PBXBuildFile; fileRef = 1DF5F4DF0D08C38300B7A737 /* UIKit.framework */; };
		288765FD0DF74451002DB57D /* CoreGraphics.framework in Frameworks */ = {isa = PBXBuildFile; fileRef = 288765FC0DF74451002DB57D /* CoreGraphics.framework */; };
		41013930131B6501005D9663 /* RSSFeedController.m in Sources */ = {isa = PBXBuildFile; fileRef = 4101392F131B6501005D9663 /* RSSFeedController.m */; };
		41013953131B6C6B005D9663 /* SMXMLDocument.m in Sources */ = {isa = PBXBuildFile; fileRef = 41013952131B6C6B005D9663 /* SMXMLDocument.m */; };
		41013A52131B9010005D9663 /* BrowserController.m in Sources */ = {isa = PBXBuildFile; fileRef = 41013A51131B9010005D9663 /* BrowserController.m */; };
		412F4DFF132F094400E9BFB7 /* RSSItem.m in Sources */ = {isa = PBXBuildFile; fileRef = 412F4DFE132F094400E9BFB7 /* RSSItem.m */; };
/* End PBXBuildFile section */

/* Begin PBXFileReference section */
		014617CB169896A8003C2B97 /* SMWebRequest.podspec */ = {isa = PBXFileReference; lastKnownFileType = text; name = SMWebRequest.podspec; path = ../SMWebRequest.podspec; sourceTree = "<group>"; };
		014617D61698F5FD003C2B97 /* Default-568h@2x.png */ = {isa = PBXFileReference; lastKnownFileType = image.png; path = "Default-568h@2x.png"; sourceTree = "<group>"; };
		0189E0CF133CF0C9009E0A63 /* Icon.png */ = {isa = PBXFileReference; lastKnownFileType = image.png; path = Icon.png; sourceTree = "<group>"; };
		0189E0D0133CF0C9009E0A63 /* Icon@2x.png */ = {isa = PBXFileReference; lastKnownFileType = image.png; path = "Icon@2x.png"; sourceTree = "<group>"; };
		01C7FB111312E93E00DBD0B1 /* main.m */ = {isa = PBXFileReference; fileEncoding = 4; lastKnownFileType = sourcecode.c.objc; path = main.m; sourceTree = "<group>"; };
		01C7FB131312E94600DBD0B1 /* AppDelegate.h */ = {isa = PBXFileReference; fileEncoding = 4; lastKnownFileType = sourcecode.c.h; path = AppDelegate.h; sourceTree = "<group>"; };
		01C7FB141312E94600DBD0B1 /* AppDelegate.m */ = {isa = PBXFileReference; fileEncoding = 4; lastKnownFileType = sourcecode.c.objc; path = AppDelegate.m; sourceTree = "<group>"; };
		01C7FB231312E9A900DBD0B1 /* SMWebRequest.m */ = {isa = PBXFileReference; fileEncoding = 4; lastKnownFileType = sourcecode.c.objc; name = SMWebRequest.m; path = ../SMWebRequest.m; sourceTree = SOURCE_ROOT; };
		01C7FB241312E9A900DBD0B1 /* SMWebRequest.h */ = {isa = PBXFileReference; fileEncoding = 4; lastKnownFileType = sourcecode.c.h; name = SMWebRequest.h; path = ../SMWebRequest.h; sourceTree = SOURCE_ROOT; };
		1D30AB110D05D00D00671497 /* Foundation.framework */ = {isa = PBXFileReference; lastKnownFileType = wrapper.framework; name = Foundation.framework; path = System/Library/Frameworks/Foundation.framework; sourceTree = SDKROOT; };
		1D6058910D05DD3D006BFB54 /* WebRequestSamples.app */ = {isa = PBXFileReference; explicitFileType = wrapper.application; includeInIndex = 0; path = WebRequestSamples.app; sourceTree = BUILT_PRODUCTS_DIR; };
		1DF5F4DF0D08C38300B7A737 /* UIKit.framework */ = {isa = PBXFileReference; lastKnownFileType = wrapper.framework; name = UIKit.framework; path = System/Library/Frameworks/UIKit.framework; sourceTree = SDKROOT; };
		288765FC0DF74451002DB57D /* CoreGraphics.framework */ = {isa = PBXFileReference; lastKnownFileType = wrapper.framework; name = CoreGraphics.framework; path = System/Library/Frameworks/CoreGraphics.framework; sourceTree = SDKROOT; };
		32CA4F630368D1EE00C91783 /* WebRequestSamples_Prefix.pch */ = {isa = PBXFileReference; fileEncoding = 4; lastKnownFileType = sourcecode.c.h; path = WebRequestSamples_Prefix.pch; sourceTree = "<group>"; };
		4101392E131B6501005D9663 /* RSSFeedController.h */ = {isa = PBXFileReference; fileEncoding = 4; lastKnownFileType = sourcecode.c.h; path = RSSFeedController.h; sourceTree = "<group>"; };
		4101392F131B6501005D9663 /* RSSFeedController.m */ = {isa = PBXFileReference; fileEncoding = 4; lastKnownFileType = sourcecode.c.objc; path = RSSFeedController.m; sourceTree = "<group>"; };
		41013951131B6C6B005D9663 /* SMXMLDocument.h */ = {isa = PBXFileReference; fileEncoding = 4; lastKnownFileType = sourcecode.c.h; path = SMXMLDocument.h; sourceTree = "<group>"; };
		41013952131B6C6B005D9663 /* SMXMLDocument.m */ = {isa = PBXFileReference; fileEncoding = 4; lastKnownFileType = sourcecode.c.objc; path = SMXMLDocument.m; sourceTree = "<group>"; };
		41013A50131B9010005D9663 /* BrowserController.h */ = {isa = PBXFileReference; fileEncoding = 4; lastKnownFileType = sourcecode.c.h; path = BrowserController.h; sourceTree = "<group>"; };
		41013A51131B9010005D9663 /* BrowserController.m */ = {isa = PBXFileReference; fileEncoding = 4; lastKnownFileType = sourcecode.c.objc; path = BrowserController.m; sourceTree = "<group>"; };
		412F4DFD132F094400E9BFB7 /* RSSItem.h */ = {isa = PBXFileReference; fileEncoding = 4; lastKnownFileType = sourcecode.c.h; path = RSSItem.h; sourceTree = "<group>"; };
		412F4DFE132F094400E9BFB7 /* RSSItem.m */ = {isa = PBXFileReference; fileEncoding = 4; lastKnownFileType = sourcecode.c.objc; path = RSSItem.m; sourceTree = "<group>"; };
		8D1107310486CEB800E47090 /* WebRequestSamples-Info.plist */ = {isa = PBXFileReference; fileEncoding = 4; lastKnownFileType = text.plist.xml; path = "WebRequestSamples-Info.plist"; plistStructureDefinitionIdentifier = "com.apple.xcode.plist.structure-definition.iphone.info-plist"; sourceTree = "<group>"; };
/* End PBXFileReference section */

/* Begin PBXFrameworksBuildPhase section */
		1D60588F0D05DD3D006BFB54 /* Frameworks */ = {
			isa = PBXFrameworksBuildPhase;
			buildActionMask = 2147483647;
			files = (
				1D60589F0D05DD5A006BFB54 /* Foundation.framework in Frameworks */,
				1DF5F4E00D08C38300B7A737 /* UIKit.framework in Frameworks */,
				288765FD0DF74451002DB57D /* CoreGraphics.framework in Frameworks */,
			);
			runOnlyForDeploymentPostprocessing = 0;
		};
/* End PBXFrameworksBuildPhase section */

/* Begin PBXGroup section */
		01C7FB1F1312E98200DBD0B1 /* Web Request */ = {
			isa = PBXGroup;
			children = (
				01C7FB241312E9A900DBD0B1 /* SMWebRequest.h */,
				01C7FB231312E9A900DBD0B1 /* SMWebRequest.m */,
			);
			name = "Web Request";
			sourceTree = "<group>";
		};
		19C28FACFE9D520D11CA2CBB /* Products */ = {
			isa = PBXGroup;
			children = (
				1D6058910D05DD3D006BFB54 /* WebRequestSamples.app */,
			);
			name = Products;
			sourceTree = "<group>";
		};
		28EEBF621118D79A00187D67 /* Samples */ = {
			isa = PBXGroup;
			children = (
				01C7FB131312E94600DBD0B1 /* AppDelegate.h */,
				01C7FB141312E94600DBD0B1 /* AppDelegate.m */,
				412F4DF6132F090C00E9BFB7 /* RSS Reader */,
			);
			name = Samples;
			sourceTree = "<group>";
		};
		29B97314FDCFA39411CA2CEA /* CustomTemplate */ = {
			isa = PBXGroup;
			children = (
				41013950131B6C47005D9663 /* XML Document */,
				01C7FB1F1312E98200DBD0B1 /* Web Request */,
				28EEBF621118D79A00187D67 /* Samples */,
				29B97315FDCFA39411CA2CEA /* Other Sources */,
				29B97323FDCFA39411CA2CEA /* Frameworks */,
				19C28FACFE9D520D11CA2CBB /* Products */,
			);
			name = CustomTemplate;
			sourceTree = "<group>";
		};
		29B97315FDCFA39411CA2CEA /* Other Sources */ = {
			isa = PBXGroup;
			children = (
				014617CB169896A8003C2B97 /* SMWebRequest.podspec */,
				32CA4F630368D1EE00C91783 /* WebRequestSamples_Prefix.pch */,
				8D1107310486CEB800E47090 /* WebRequestSamples-Info.plist */,
				01C7FB111312E93E00DBD0B1 /* main.m */,
				0189E0CF133CF0C9009E0A63 /* Icon.png */,
				0189E0D0133CF0C9009E0A63 /* Icon@2x.png */,
				014617D61698F5FD003C2B97 /* Default-568h@2x.png */,
			);
			name = "Other Sources";
			sourceTree = "<group>";
		};
		29B97323FDCFA39411CA2CEA /* Frameworks */ = {
			isa = PBXGroup;
			children = (
				1DF5F4DF0D08C38300B7A737 /* UIKit.framework */,
				1D30AB110D05D00D00671497 /* Foundation.framework */,
				288765FC0DF74451002DB57D /* CoreGraphics.framework */,
			);
			name = Frameworks;
			sourceTree = "<group>";
		};
		41013950131B6C47005D9663 /* XML Document */ = {
			isa = PBXGroup;
			children = (
				41013951131B6C6B005D9663 /* SMXMLDocument.h */,
				41013952131B6C6B005D9663 /* SMXMLDocument.m */,
			);
			name = "XML Document";
			sourceTree = "<group>";
		};
		412F4DF6132F090C00E9BFB7 /* RSS Reader */ = {
			isa = PBXGroup;
			children = (
				412F4DFD132F094400E9BFB7 /* RSSItem.h */,
				412F4DFE132F094400E9BFB7 /* RSSItem.m */,
				4101392E131B6501005D9663 /* RSSFeedController.h */,
				4101392F131B6501005D9663 /* RSSFeedController.m */,
				41013A50131B9010005D9663 /* BrowserController.h */,
				41013A51131B9010005D9663 /* BrowserController.m */,
			);
			name = "RSS Reader";
			sourceTree = "<group>";
		};
/* End PBXGroup section */

/* Begin PBXNativeTarget section */
		1D6058900D05DD3D006BFB54 /* WebRequestSamples */ = {
			isa = PBXNativeTarget;
			buildConfigurationList = 1D6058960D05DD3E006BFB54 /* Build configuration list for PBXNativeTarget "WebRequestSamples" */;
			buildPhases = (
				1D60588D0D05DD3D006BFB54 /* Resources */,
				1D60588E0D05DD3D006BFB54 /* Sources */,
				1D60588F0D05DD3D006BFB54 /* Frameworks */,
			);
			buildRules = (
			);
			dependencies = (
			);
			name = WebRequestSamples;
			productName = WebRequestSamples;
			productReference = 1D6058910D05DD3D006BFB54 /* WebRequestSamples.app */;
			productType = "com.apple.product-type.application";
		};
/* End PBXNativeTarget section */

/* Begin PBXProject section */
		29B97313FDCFA39411CA2CEA /* Project object */ = {
			isa = PBXProject;
			attributes = {
				LastUpgradeCheck = 0460;
			};
			buildConfigurationList = C01FCF4E08A954540054247B /* Build configuration list for PBXProject "WebRequestSamples" */;
			compatibilityVersion = "Xcode 3.2";
			developmentRegion = English;
			hasScannedForEncodings = 1;
			knownRegions = (
				English,
				Japanese,
				French,
				German,
			);
			mainGroup = 29B97314FDCFA39411CA2CEA /* CustomTemplate */;
			projectDirPath = "";
			projectRoot = "";
			targets = (
				1D6058900D05DD3D006BFB54 /* WebRequestSamples */,
			);
		};
/* End PBXProject section */

/* Begin PBXResourcesBuildPhase section */
		1D60588D0D05DD3D006BFB54 /* Resources */ = {
			isa = PBXResourcesBuildPhase;
			buildActionMask = 2147483647;
			files = (
				0189E0D1133CF0C9009E0A63 /* Icon.png in Resources */,
				0189E0D2133CF0C9009E0A63 /* Icon@2x.png in Resources */,
				014617D71698F5FD003C2B97 /* Default-568h@2x.png in Resources */,
			);
			runOnlyForDeploymentPostprocessing = 0;
		};
/* End PBXResourcesBuildPhase section */

/* Begin PBXSourcesBuildPhase section */
		1D60588E0D05DD3D006BFB54 /* Sources */ = {
			isa = PBXSourcesBuildPhase;
			buildActionMask = 2147483647;
			files = (
				01C7FB121312E93E00DBD0B1 /* main.m in Sources */,
				01C7FB151312E94600DBD0B1 /* AppDelegate.m in Sources */,
				01C7FB251312E9A900DBD0B1 /* SMWebRequest.m in Sources */,
				41013930131B6501005D9663 /* RSSFeedController.m in Sources */,
				41013953131B6C6B005D9663 /* SMXMLDocument.m in Sources */,
				41013A52131B9010005D9663 /* BrowserController.m in Sources */,
				412F4DFF132F094400E9BFB7 /* RSSItem.m in Sources */,
			);
			runOnlyForDeploymentPostprocessing = 0;
		};
/* End PBXSourcesBuildPhase section */

/* Begin XCBuildConfiguration section */
		1D6058940D05DD3E006BFB54 /* Debug */ = {
			isa = XCBuildConfiguration;
			buildSettings = {
				ALWAYS_SEARCH_USER_PATHS = NO;
				CLANG_ENABLE_OBJC_ARC = YES;
				COPY_PHASE_STRIP = NO;
				GCC_DYNAMIC_NO_PIC = NO;
				GCC_OPTIMIZATION_LEVEL = 0;
				GCC_PRECOMPILE_PREFIX_HEADER = YES;
				GCC_PREFIX_HEADER = WebRequestSamples_Prefix.pch;
				INFOPLIST_FILE = "WebRequestSamples-Info.plist";
				IPHONEOS_DEPLOYMENT_TARGET = 7.0;
				PRODUCT_NAME = WebRequestSamples;
			};
			name = Debug;
		};
		1D6058950D05DD3E006BFB54 /* Release */ = {
			isa = XCBuildConfiguration;
			buildSettings = {
				ALWAYS_SEARCH_USER_PATHS = NO;
				CLANG_ENABLE_OBJC_ARC = YES;
				COPY_PHASE_STRIP = YES;
				GCC_PRECOMPILE_PREFIX_HEADER = YES;
				GCC_PREFIX_HEADER = WebRequestSamples_Prefix.pch;
				INFOPLIST_FILE = "WebRequestSamples-Info.plist";
				IPHONEOS_DEPLOYMENT_TARGET = 7.0;
				PRODUCT_NAME = WebRequestSamples;
				VALIDATE_PRODUCT = YES;
			};
			name = Release;
		};
		C01FCF4F08A954540054247B /* Debug */ = {
			isa = XCBuildConfiguration;
			buildSettings = {
				ARCHS = "$(ARCHS_STANDARD_32_BIT)";
				"CODE_SIGN_IDENTITY[sdk=iphoneos*]" = "iPhone Developer";
				GCC_C_LANGUAGE_STANDARD = c99;
				GCC_VERSION = "";
				GCC_WARN_ABOUT_RETURN_TYPE = YES;
				GCC_WARN_UNUSED_VARIABLE = YES;
				SDKROOT = iphoneos;
				TARGETED_DEVICE_FAMILY = "1,2";
			};
			name = Debug;
		};
		C01FCF5008A954540054247B /* Release */ = {
			isa = XCBuildConfiguration;
			buildSettings = {
				ARCHS = "$(ARCHS_STANDARD_32_BIT)";
				"CODE_SIGN_IDENTITY[sdk=iphoneos*]" = "iPhone Developer";
				GCC_C_LANGUAGE_STANDARD = c99;
				GCC_VERSION = "";
				GCC_WARN_ABOUT_RETURN_TYPE = YES;
				GCC_WARN_UNUSED_VARIABLE = YES;
				OTHER_CFLAGS = "-DNS_BLOCK_ASSERTIONS=1";
				SDKROOT = iphoneos;
				TARGETED_DEVICE_FAMILY = "1,2";
			};
			name = Release;
		};
/* End XCBuildConfiguration section */

/* Begin XCConfigurationList section */
		1D6058960D05DD3E006BFB54 /* Build configuration list for PBXNativeTarget "WebRequestSamples" */ = {
			isa = XCConfigurationList;
			buildConfigurations = (
				1D6058940D05DD3E006BFB54 /* Debug */,
				1D6058950D05DD3E006BFB54 /* Release */,
			);
			defaultConfigurationIsVisible = 0;
			defaultConfigurationName = Release;
		};
		C01FCF4E08A954540054247B /* Build configuration list for PBXProject "WebRequestSamples" */ = {
			isa = XCConfigurationList;
			buildConfigurations = (
				C01FCF4F08A954540054247B /* Debug */,
				C01FCF5008A954540054247B /* Release */,
			);
			defaultConfigurationIsVisible = 0;
			defaultConfigurationName = Release;
		};
/* End XCConfigurationList section */
	};
	rootObject = 29B97313FDCFA39411CA2CEA /* Project object */;
}
